<?xml version="1.0" encoding="utf-8"?>
<Project ToolsVersion="4.0" xmlns="http://schemas.microsoft.com/developer/msbuild/2003">
  <ItemGroup>
    <Filter Include="Generated Files">
      <UniqueIdentifier>{71ED8ED8-ACB9-4CE9-BBE1-E00B30144E11}</UniqueIdentifier>
      <Extensions>cpp;c;cxx;moc;h;def;odl;idl;res;</Extensions>
    </Filter>
    <Filter Include="Generated Files">
      <UniqueIdentifier>{71ED8ED8-ACB9-4CE9-BBE1-E00B30144E11}</UniqueIdentifier>
      <Extensions>cpp;c;cxx;moc;h;def;odl;idl;res;</Extensions>
    </Filter>
    <Filter Include="Header Files">
      <UniqueIdentifier>{93995380-89BD-4b04-88EB-625FBE52EBFB}</UniqueIdentifier>
      <Extensions>h;hpp;hxx;hm;inl;inc;xsd</Extensions>
    </Filter>
    <Filter Include="Header Files">
      <UniqueIdentifier>{93995380-89BD-4b04-88EB-625FBE52EBFB}</UniqueIdentifier>
      <Extensions>h;hpp;hxx;hm;inl;inc;xsd</Extensions>
    </Filter>
    <Filter Include="Source Files">
      <UniqueIdentifier>{4FC737F1-C7A5-4376-A066-2A32D752A2FF}</UniqueIdentifier>
      <Extensions>cpp;c;cxx;def;odl;idl;hpj;bat;asm;asmx</Extensions>
    </Filter>
    <Filter Include="Source Files">
      <UniqueIdentifier>{4FC737F1-C7A5-4376-A066-2A32D752A2FF}</UniqueIdentifier>
      <Extensions>cpp;c;cxx;def;odl;idl;hpj;bat;asm;asmx</Extensions>
    </Filter>
  </ItemGroup>
  <ItemGroup>
    <ClCompile Include="qgraphicssvgitem.cpp">
      <Filter>Source Files</Filter>
    </ClCompile>
    <ClCompile Include="qsvgfont.cpp">
      <Filter>Source Files</Filter>
    </ClCompile>
    <ClCompile Include="qsvggenerator.cpp">
      <Filter>Source Files</Filter>
    </ClCompile>
    <ClCompile Include="qsvggraphics.cpp">
      <Filter>Source Files</Filter>
    </ClCompile>
    <ClCompile Include="qsvghandler.cpp">
      <Filter>Source Files</Filter>
    </ClCompile>
    <ClCompile Include="qsvgnode.cpp">
      <Filter>Source Files</Filter>
    </ClCompile>
    <ClCompile Include="qsvgrenderer.cpp">
      <Filter>Source Files</Filter>
    </ClCompile>
    <ClCompile Include="qsvgstructure.cpp">
      <Filter>Source Files</Filter>
    </ClCompile>
    <ClCompile Include="qsvgstyle.cpp">
      <Filter>Source Files</Filter>
    </ClCompile>
    <ClCompile Include="qsvgtinydocument.cpp">
      <Filter>Source Files</Filter>
    </ClCompile>
    <ClCompile Include="qsvgwidget.cpp">
      <Filter>Source Files</Filter>
    </ClCompile>
  </ItemGroup>
  <ItemGroup>
    <CustomBuild Include="qgraphicssvgitem.h">
      <Filter>Header Files</Filter>
    </CustomBuild>
    <ClInclude Include="qsvgfont_p.h">
      <Filter>Header Files</Filter>
    </ClInclude>
    <ClInclude Include="qsvggenerator.h">
      <Filter>Header Files</Filter>
    </ClInclude>
    <ClInclude Include="qsvggraphics_p.h">
      <Filter>Header Files</Filter>
    </ClInclude>
    <ClInclude Include="qsvghandler_p.h">
      <Filter>Header Files</Filter>
    </ClInclude>
    <ClInclude Include="qsvgnode_p.h">
      <Filter>Header Files</Filter>
    </ClInclude>
    <CustomBuild Include="qsvgrenderer.h">
      <Filter>Header Files</Filter>
    </CustomBuild>
    <ClInclude Include="qsvgstructure_p.h">
      <Filter>Header Files</Filter>
    </ClInclude>
    <ClInclude Include="qsvgstyle_p.h">
      <Filter>Header Files</Filter>
    </ClInclude>
    <ClInclude Include="qsvgtinydocument_p.h">
      <Filter>Header Files</Filter>
    </ClInclude>
    <CustomBuild Include="qsvgwidget.h">
      <Filter>Header Files</Filter>
    </CustomBuild>
  </ItemGroup>
  <ItemGroup>
    <ClCompile Include="tmp\moc\debug_shared\moc_qsvgwidget.cpp">
      <Filter>Generated Files</Filter>
    </ClCompile>
    <ClCompile Include="tmp\moc\release_shared\moc_qsvgwidget.cpp">
      <Filter>Generated Files</Filter>
    </ClCompile>
  </ItemGroup>
  <ItemGroup>
    <ResourceCompile Include="f:\Qt\4.8.7\src\svg\QtSvg_resource.rc" />
    <ResourceCompile Include="f:\Qt\4.8.7\src\svg\QtSvgd_resource.rc" />
  </ItemGroup>
</Project>